
Microsoft Visual Studio Solution File, Format Version 12.00
# Visual Studio Version 16
VisualStudioVersion = 16.0.31005.135
MinimumVisualStudioVersion = 10.0.40219.1
Project("{FAE04EC0-301F-11D3-BF4B-00C04F79EFBC}") = "lab_2", "lab_2\lab_2.csproj", "{C992BE84-E9BA-4FA5-AA7C-C6CF2414415E}"
EndProject
Global
	GlobalSection(SolutionConfigurationPlatforms) = preSolution
		Debug|Any CPU = Debug|Any CPU
		Release|Any CPU = Release|Any CPU
	EndGlobalSection
	GlobalSection(ProjectConfigurationPlatforms) = postSolution
		{C992BE84-E9BA-4FA5-AA7C-C6CF2414415E}.Debug|Any CPU.ActiveCfg = Debug|Any CPU
		{C992BE84-E9BA-4FA5-AA7C-C6CF2414415E}.Debug|Any CPU.Build.0 = Debug|Any CPU
		{C992BE84-E9BA-4FA5-AA7C-C6CF2414415E}.Release|Any CPU.ActiveCfg = Release|Any CPU
		{C992BE84-E9BA-4FA5-AA7C-C6CF2414415E}.Release|Any CPU.Build.0 = Release|Any CPU
	EndGlobalSection
	GlobalSection(SolutionProperties) = preSolution
		HideSolutionNode = FALSE
	EndGlobalSection
	GlobalSection(ExtensibilityGlobals) = postSolution
		SolutionGuid = {AFA2FECC-6330-49A5-9E9A-6A9015FD002E}
	EndGlobalSection
EndGlobal
